// !$*UTF8*$!
{
	archiveVersion = 1;
	classes = {
	};
	objectVersion = 50;
	objects = {

/* Begin PBXBuildFile section */
		70406BEB2111610800FE9F1D /* AppDelegate.m in Sources */ = {isa = PBXBuildFile; fileRef = 70406BEA2111610800FE9F1D /* AppDelegate.m */; };
		70406BEE2111610800FE9F1D /* ViewController.m in Sources */ = {isa = PBXBuildFile; fileRef = 70406BED2111610800FE9F1D /* ViewController.m */; };
		70406BF12111610800FE9F1D /* Main.storyboard in Resources */ = {isa = PBXBuildFile; fileRef = 70406BEF2111610800FE9F1D /* Main.storyboard */; };
		70406BF32111610900FE9F1D /* Assets.xcassets in Resources */ = {isa = PBXBuildFile; fileRef = 70406BF22111610900FE9F1D /* Assets.xcassets */; };
		70406BF62111610900FE9F1D /* LaunchScreen.storyboard in Resources */ = {isa = PBXBuildFile; fileRef = 70406BF42111610900FE9F1D /* LaunchScreen.storyboard */; };
		70406BF92111610900FE9F1D /* main.m in Sources */ = {isa = PBXBuildFile; fileRef = 70406BF82111610900FE9F1D /* main.m */; };
		70406C042111616400FE9F1D /* ViewT.m in Sources */ = {isa = PBXBuildFile; fileRef = 70406C032111616400FE9F1D /* ViewT.m */; };
		70406C072111635500FE9F1D /* ViewControllerNext.m in Sources */ = {isa = PBXBuildFile; fileRef = 70406C062111635500FE9F1D /* ViewControllerNext.m */; };
/* End PBXBuildFile section */

/* Begin PBXFileReference section */
		70406BE62111610800FE9F1D /* View.app */ = {isa = PBXFileReference; explicitFileType = wrapper.application; includeInIndex = 0; path = View.app; sourceTree = BUILT_PRODUCTS_DIR; };
		70406BE92111610800FE9F1D /* AppDelegate.h */ = {isa = PBXFileReference; lastKnownFileType = sourcecode.c.h; path = AppDelegate.h; sourceTree = "<group>"; };
		70406BEA2111610800FE9F1D /* AppDelegate.m */ = {isa = PBXFileReference; lastKnownFileType = sourcecode.c.objc; path = AppDelegate.m; sourceTree = "<group>"; };
		70406BEC2111610800FE9F1D /* ViewController.h */ = {isa = PBXFileReference; lastKnownFileType = sourcecode.c.h; path = ViewController.h; sourceTree = "<group>"; };
		70406BED2111610800FE9F1D /* ViewController.m */ = {isa = PBXFileReference; lastKnownFileType = sourcecode.c.objc; path = ViewController.m; sourceTree = "<group>"; };
		70406BF02111610800FE9F1D /* Base */ = {isa = PBXFileReference; lastKnownFileType = file.storyboard; name = Base; path = Base.lproj/Main.storyboard; sourceTree = "<group>"; };
		70406BF22111610900FE9F1D /* Assets.xcassets */ = {isa = PBXFileReference; lastKnownFileType = folder.assetcatalog; path = Assets.xcassets; sourceTree = "<group>"; };
		70406BF52111610900FE9F1D /* Base */ = {isa = PBXFileReference; lastKnownFileType = file.storyboard; name = Base; path = Base.lproj/LaunchScreen.storyboard; sourceTree = "<group>"; };
		70406BF72111610900FE9F1D /* Info.plist */ = {isa = PBXFileReference; lastKnownFileType = text.plist.xml; path = Info.plist; sourceTree = "<group>"; };
		70406BF82111610900FE9F1D /* main.m */ = {isa = PBXFileReference; lastKnownFileType = sourcecode.c.objc; path = main.m; sourceTree = "<group>"; };
		70406C022111616400FE9F1D /* ViewT.h */ = {isa = PBXFileReference; lastKnownFileType = sourcecode.c.h; path = ViewT.h; sourceTree = "<group>"; };
		70406C032111616400FE9F1D /* ViewT.m */ = {isa = PBXFileReference; lastKnownFileType = sourcecode.c.objc; path = ViewT.m; sourceTree = "<group>"; };
		70406C052111635500FE9F1D /* ViewControllerNext.h */ = {isa = PBXFileReference; lastKnownFileType = sourcecode.c.h; path = ViewControllerNext.h; sourceTree = "<group>"; };
		70406C062111635500FE9F1D /* ViewControllerNext.m */ = {isa = PBXFileReference; lastKnownFileType = sourcecode.c.objc; path = ViewControllerNext.m; sourceTree = "<group>"; };
/* End PBXFileReference section */

/* Begin PBXFrameworksBuildPhase section */
		70406BE32111610800FE9F1D /* Frameworks */ = {
			isa = PBXFrameworksBuildPhase;
			buildActionMask = 2147483647;
			files = (
			);
			runOnlyForDeploymentPostprocessing = 0;
		};
/* End PBXFrameworksBuildPhase section */

/* Begin PBXGroup section */
		70406BDD2111610800FE9F1D = {
			isa = PBXGroup;
			children = (
				70406BE82111610800FE9F1D /* View */,
				70406BE72111610800FE9F1D /* Products */,
			);
			sourceTree = "<group>";
		};
		70406BE72111610800FE9F1D /* Products */ = {
			isa = PBXGroup;
			children = (
				70406BE62111610800FE9F1D /* View.app */,
			);
			name = Products;
			sourceTree = "<group>";
		};
		70406BE82111610800FE9F1D /* View */ = {
			isa = PBXGroup;
			children = (
				70406BE92111610800FE9F1D /* AppDelegate.h */,
				70406BEA2111610800FE9F1D /* AppDelegate.m */,
				70406BEC2111610800FE9F1D /* ViewController.h */,
				70406BED2111610800FE9F1D /* ViewController.m */,
				70406C022111616400FE9F1D /* ViewT.h */,
				70406C032111616400FE9F1D /* ViewT.m */,
				70406C052111635500FE9F1D /* ViewControllerNext.h */,
				70406C062111635500FE9F1D /* ViewControllerNext.m */,
				70406BEF2111610800FE9F1D /* Main.storyboard */,
				70406BF22111610900FE9F1D /* Assets.xcassets */,
				70406BF42111610900FE9F1D /* LaunchScreen.storyboard */,
				70406BF72111610900FE9F1D /* Info.plist */,
				70406BF82111610900FE9F1D /* main.m */,
			);
			path = View;
			sourceTree = "<group>";
		};
/* End PBXGroup section */

/* Begin PBXNativeTarget section */
		70406BE52111610800FE9F1D /* View */ = {
			isa = PBXNativeTarget;
			buildConfigurationList = 70406BFC2111610900FE9F1D /* Build configuration list for PBXNativeTarget "View" */;
			buildPhases = (
				70406BE22111610800FE9F1D /* Sources */,
				70406BE32111610800FE9F1D /* Frameworks */,
				70406BE42111610800FE9F1D /* Resources */,
			);
			buildRules = (
			);
			dependencies = (
			);
			name = View;
			productName = View;
			productReference = 70406BE62111610800FE9F1D /* View.app */;
			productType = "com.apple.product-type.application";
		};
/* End PBXNativeTarget section */

/* Begin PBXProject section */
		70406BDE2111610800FE9F1D /* Project object */ = {
			isa = PBXProject;
			attributes = {
				LastUpgradeCheck = 0940;
				ORGANIZATIONNAME = TienDat;
				TargetAttributes = {
					70406BE52111610800FE9F1D = {
						CreatedOnToolsVersion = 9.4.1;
					};
				};
			};
			buildConfigurationList = 70406BE12111610800FE9F1D /* Build configuration list for PBXProject "View" */;
			compatibilityVersion = "Xcode 9.3";
			developmentRegion = en;
			hasScannedForEncodings = 0;
			knownRegions = (
				en,
				Base,
			);
			mainGroup = 70406BDD2111610800FE9F1D;
			productRefGroup = 70406BE72111610800FE9F1D /* Products */;
			projectDirPath = "";
			projectRoot = "";
			targets = (
				70406BE52111610800FE9F1D /* View */,
			);
		};
/* End PBXProject section */

/* Begin PBXResourcesBuildPhase section */
		70406BE42111610800FE9F1D /* Resources */ = {
			isa = PBXResourcesBuildPhase;
			buildActionMask = 2147483647;
			files = (
				70406BF62111610900FE9F1D /* LaunchScreen.storyboard in Resources */,
				70406BF32111610900FE9F1D /* Assets.xcassets in Resources */,
				70406BF12111610800FE9F1D /* Main.storyboard in Resources */,
			);
			runOnlyForDeploymentPostprocessing = 0;
		};
/* End PBXResourcesBuildPhase section */

/* Begin PBXSourcesBuildPhase section */
		70406BE22111610800FE9F1D /* Sources */ = {
			isa = PBXSourcesBuildPhase;
			buildActionMask = 2147483647;
			files = (
				70406BEE2111610800FE9F1D /* ViewController.m in Sources */,
				70406C072111635500FE9F1D /* ViewControllerNext.m in Sources */,
				70406C042111616400FE9F1D /* ViewT.m in Sources */,
				70406BF92111610900FE9F1D /* main.m in Sources */,
				70406BEB2111610800FE9F1D /* AppDelegate.m in Sources */,
			);
			runOnlyForDeploymentPostprocessing = 0;
		};
/* End PBXSourcesBuildPhase section */

/* Begin PBXVariantGroup section */
		70406BEF2111610800FE9F1D /* Main.storyboard */ = {
			isa = PBXVariantGroup;
			children = (
				70406BF02111610800FE9F1D /* Base */,
			);
			name = Main.storyboard;
			sourceTree = "<group>";
		};
		70406BF42111610900FE9F1D /* LaunchScreen.storyboard */ = {
			isa = PBXVariantGroup;
			children = (
				70406BF52111610900FE9F1D /* Base */,
			);
			name = LaunchScreen.storyboard;
			sourceTree = "<group>";
		};
/* End PBXVariantGroup section */

/* Begin XCBuildConfiguration section */
		70406BFA2111610900FE9F1D /* Debug */ = {
			isa = XCBuildConfiguration;
			buildSettings = {
				ALWAYS_SEARCH_USER_PATHS = NO;
				CLANG_ANALYZER_NONNULL = YES;
				CLANG_ANALYZER_NUMBER_OBJECT_CONVERSION = YES_AGGRESSIVE;
				CLANG_CXX_LANGUAGE_STANDARD = "gnu++14";
				CLANG_CXX_LIBRARY = "libc++";
				CLANG_ENABLE_MODULES = YES;
				CLANG_ENABLE_OBJC_ARC = YES;
				CLANG_ENABLE_OBJC_WEAK = YES;
				CLANG_WARN_BLOCK_CAPTURE_AUTORELEASING = YES;
				CLANG_WARN_BOOL_CONVERSION = YES;
				CLANG_WARN_COMMA = YES;
				CLANG_WARN_CONSTANT_CONVERSION = YES;
				CLANG_WARN_DEPRECATED_OBJC_IMPLEMENTATIONS = YES;
				CLANG_WARN_DIRECT_OBJC_ISA_USAGE = YES_ERROR;
				CLANG_WARN_DOCUMENTATION_COMMENTS = YES;
				CLANG_WARN_EMPTY_BODY = YES;
				CLANG_WARN_ENUM_CONVERSION = YES;
				CLANG_WARN_INFINITE_RECURSION = YES;
				CLANG_WARN_INT_CONVERSION = YES;
				CLANG_WARN_NON_LITERAL_NULL_CONVERSION = YES;
				CLANG_WARN_OBJC_IMPLICIT_RETAIN_SELF = YES;
				CLANG_WARN_OBJC_LITERAL_CONVERSION = YES;
				CLANG_WARN_OBJC_ROOT_CLASS = YES_ERROR;
				CLANG_WARN_RANGE_LOOP_ANALYSIS = YES;
				CLANG_WARN_STRICT_PROTOTYPES = YES;
				CLANG_WARN_SUSPICIOUS_MOVE = YES;
				CLANG_WARN_UNGUARDED_AVAILABILITY = YES_AGGRESSIVE;
				CLANG_WARN_UNREACHABLE_CODE = YES;
				CLANG_WARN__DUPLICATE_METHOD_MATCH = YES;
				CODE_SIGN_IDENTITY = "iPhone Developer";
				COPY_PHASE_STRIP = NO;
				DEBUG_INFORMATION_FORMAT = dwarf;
				ENABLE_STRICT_OBJC_MSGSEND = YES;
				ENABLE_TESTABILITY = YES;
				GCC_C_LANGUAGE_STANDARD = gnu11;
				GCC_DYNAMIC_NO_PIC = NO;
				GCC_NO_COMMON_BLOCKS = YES;
				GCC_OPTIMIZATION_LEVEL = 0;
				GCC_PREPROCESSOR_DEFINITIONS = (
					"DEBUG=1",
					"$(inherited)",
				);
				GCC_WARN_64_TO_32_BIT_CONVERSION = YES;
				GCC_WARN_ABOUT_RETURN_TYPE = YES_ERROR;
				GCC_WARN_UNDECLARED_SELECTOR = YES;
				GCC_WARN_UNINITIALIZED_AUTOS = YES_AGGRESSIVE;
				GCC_WARN_UNUSED_FUNCTION = YES;
				GCC_WARN_UNUSED_VARIABLE = YES;
				IPHONEOS_DEPLOYMENT_TARGET = 11.4;
				MTL_ENABLE_DEBUG_INFO = YES;
				ONLY_ACTIVE_ARCH = YES;
				SDKROOT = iphoneos;
			};
			name = Debug;
		};
		70406BFB2111610900FE9F1D /* Release */ = {
			isa = XCBuildConfiguration;
			buildSettings = {
				ALWAYS_SEARCH_USER_PATHS = NO;
				CLANG_ANALYZER_NONNULL = YES;
				CLANG_ANALYZER_NUMBER_OBJECT_CONVERSION = YES_AGGRESSIVE;
				CLANG_CXX_LANGUAGE_STANDARD = "gnu++14";
				CLANG_CXX_LIBRARY = "libc++";
				CLANG_ENABLE_MODULES = YES;
				CLANG_ENABLE_OBJC_ARC = YES;
				CLANG_ENABLE_OBJC_WEAK = YES;
				CLANG_WARN_BLOCK_CAPTURE_AUTORELEASING = YES;
				CLANG_WARN_BOOL_CONVERSION = YES;
				CLANG_WARN_COMMA = YES;
				CLANG_WARN_CONSTANT_CONVERSION = YES;
				CLANG_WARN_DEPRECATED_OBJC_IMPLEMENTATIONS = YES;
				CLANG_WARN_DIRECT_OBJC_ISA_USAGE = YES_ERROR;
				CLANG_WARN_DOCUMENTATION_COMMENTS = YES;
				CLANG_WARN_EMPTY_BODY = YES;
				CLANG_WARN_ENUM_CONVERSION = YES;
				CLANG_WARN_INFINITE_RECURSION = YES;
				CLANG_WARN_INT_CONVERSION = YES;
				CLANG_WARN_NON_LITERAL_NULL_CONVERSION = YES;
				CLANG_WARN_OBJC_IMPLICIT_RETAIN_SELF = YES;
				CLANG_WARN_OBJC_LITERAL_CONVERSION = YES;
				CLANG_WARN_OBJC_ROOT_CLASS = YES_ERROR;
				CLANG_WARN_RANGE_LOOP_ANALYSIS = YES;
				CLANG_WARN_STRICT_PROTOTYPES = YES;
				CLANG_WARN_SUSPICIOUS_MOVE = YES;
				CLANG_WARN_UNGUARDED_AVAILABILITY = YES_AGGRESSIVE;
				CLANG_WARN_UNREACHABLE_CODE = YES;
				CLANG_WARN__DUPLICATE_METHOD_MATCH = YES;
				CODE_SIGN_IDENTITY = "iPhone Developer";
				COPY_PHASE_STRIP = NO;
				DEBUG_INFORMATION_FORMAT = "dwarf-with-dsym";
				ENABLE_NS_ASSERTIONS = NO;
				ENABLE_STRICT_OBJC_MSGSEND = YES;
				GCC_C_LANGUAGE_STANDARD = gnu11;
				GCC_NO_COMMON_BLOCKS = YES;
				GCC_WARN_64_TO_32_BIT_CONVERSION = YES;
				GCC_WARN_ABOUT_RETURN_TYPE = YES_ERROR;
				GCC_WARN_UNDECLARED_SELECTOR = YES;
				GCC_WARN_UNINITIALIZED_AUTOS = YES_AGGRESSIVE;
				GCC_WARN_UNUSED_FUNCTION = YES;
				GCC_WARN_UNUSED_VARIABLE = YES;
				IPHONEOS_DEPLOYMENT_TARGET = 11.4;
				MTL_ENABLE_DEBUG_INFO = NO;
				SDKROOT = iphoneos;
				VALIDATE_PRODUCT = YES;
			};
			name = Release;
		};
		70406BFD2111610900FE9F1D /* Debug */ = {
			isa = XCBuildConfiguration;
			buildSettings = {
				ASSETCATALOG_COMPILER_APPICON_NAME = AppIcon;
				CODE_SIGN_STYLE = Automatic;
				INFOPLIST_FILE = View/Info.plist;
				LD_RUNPATH_SEARCH_PATHS = (
					"$(inherited)",
					"@executable_path/Frameworks",
				);
				PRODUCT_BUNDLE_IDENTIFIER = com.View;
				PRODUCT_NAME = "$(TARGET_NAME)";
				TARGETED_DEVICE_FAMILY = "1,2";
			};
			name = Debug;
		};
		70406BFE2111610900FE9F1D /* Release */ = {
			isa = XCBuildConfiguration;
			buildSettings = {
				ASSETCATALOG_COMPILER_APPICON_NAME = AppIcon;
				CODE_SIGN_STYLE = Automatic;
				INFOPLIST_FILE = View/Info.plist;
				LD_RUNPATH_SEARCH_PATHS = (
					"$(inherited)",
					"@executable_path/Frameworks",
				);
				PRODUCT_BUNDLE_IDENTIFIER = com.View;
				PRODUCT_NAME = "$(TARGET_NAME)";
				TARGETED_DEVICE_FAMILY = "1,2";
			};
			name = Release;
		};
/* End XCBuildConfiguration section */

/* Begin XCConfigurationList section */
		70406BE12111610800FE9F1D /* Build configuration list for PBXProject "View" */ = {
			isa = XCConfigurationList;
			buildConfigurations = (
				70406BFA2111610900FE9F1D /* Debug */,
				70406BFB2111610900FE9F1D /* Release */,
			);
			defaultConfigurationIsVisible = 0;
			defaultConfigurationName = Release;
		};
		70406BFC2111610900FE9F1D /* Build configuration list for PBXNativeTarget "View" */ = {
			isa = XCConfigurationList;
			buildConfigurations = (
				70406BFD2111610900FE9F1D /* Debug */,
				70406BFE2111610900FE9F1D /* Release */,
			);
			defaultConfigurationIsVisible = 0;
			defaultConfigurationName = Release;
		};
/* End XCConfigurationList section */
	};
	rootObject = 70406BDE2111610800FE9F1D /* Project object */;
}
