// !$*UTF8*$!
{
	archiveVersion = 1;
	classes = {
	};
	objectVersion = 50;
	objects = {

/* Begin PBXBuildFile section */
		7022D1E0211AD79F0088CFAD /* AppDelegate.m in Sources */ = {isa = PBXBuildFile; fileRef = 7022D1DF211AD79F0088CFAD /* AppDelegate.m */; };
		7022D1E3211AD79F0088CFAD /* ViewController.m in Sources */ = {isa = PBXBuildFile; fileRef = 7022D1E2211AD79F0088CFAD /* ViewController.m */; };
		7022D1E6211AD79F0088CFAD /* Main.storyboard in Resources */ = {isa = PBXBuildFile; fileRef = 7022D1E4211AD79F0088CFAD /* Main.storyboard */; };
		7022D1E8211AD7A00088CFAD /* Assets.xcassets in Resources */ = {isa = PBXBuildFile; fileRef = 7022D1E7211AD7A00088CFAD /* Assets.xcassets */; };
		7022D1EB211AD7A00088CFAD /* LaunchScreen.storyboard in Resources */ = {isa = PBXBuildFile; fileRef = 7022D1E9211AD7A00088CFAD /* LaunchScreen.storyboard */; };
		7022D1EE211AD7A00088CFAD /* main.m in Sources */ = {isa = PBXBuildFile; fileRef = 7022D1ED211AD7A00088CFAD /* main.m */; };
		7022D1F6211AD8DB0088CFAD /* Info.m in Sources */ = {isa = PBXBuildFile; fileRef = 7022D1F5211AD8DB0088CFAD /* Info.m */; };
		7022D1F9211AF87A0088CFAD /* ViewControllerAdd.m in Sources */ = {isa = PBXBuildFile; fileRef = 7022D1F8211AF87A0088CFAD /* ViewControllerAdd.m */; };
/* End PBXBuildFile section */

/* Begin PBXFileReference section */
		7022D1DB211AD79F0088CFAD /* API.app */ = {isa = PBXFileReference; explicitFileType = wrapper.application; includeInIndex = 0; path = API.app; sourceTree = BUILT_PRODUCTS_DIR; };
		7022D1DE211AD79F0088CFAD /* AppDelegate.h */ = {isa = PBXFileReference; lastKnownFileType = sourcecode.c.h; path = AppDelegate.h; sourceTree = "<group>"; };
		7022D1DF211AD79F0088CFAD /* AppDelegate.m */ = {isa = PBXFileReference; lastKnownFileType = sourcecode.c.objc; path = AppDelegate.m; sourceTree = "<group>"; };
		7022D1E1211AD79F0088CFAD /* ViewController.h */ = {isa = PBXFileReference; lastKnownFileType = sourcecode.c.h; path = ViewController.h; sourceTree = "<group>"; };
		7022D1E2211AD79F0088CFAD /* ViewController.m */ = {isa = PBXFileReference; lastKnownFileType = sourcecode.c.objc; path = ViewController.m; sourceTree = "<group>"; };
		7022D1E5211AD79F0088CFAD /* Base */ = {isa = PBXFileReference; lastKnownFileType = file.storyboard; name = Base; path = Base.lproj/Main.storyboard; sourceTree = "<group>"; };
		7022D1E7211AD7A00088CFAD /* Assets.xcassets */ = {isa = PBXFileReference; lastKnownFileType = folder.assetcatalog; path = Assets.xcassets; sourceTree = "<group>"; };
		7022D1EA211AD7A00088CFAD /* Base */ = {isa = PBXFileReference; lastKnownFileType = file.storyboard; name = Base; path = Base.lproj/LaunchScreen.storyboard; sourceTree = "<group>"; };
		7022D1EC211AD7A00088CFAD /* Info.plist */ = {isa = PBXFileReference; lastKnownFileType = text.plist.xml; path = Info.plist; sourceTree = "<group>"; };
		7022D1ED211AD7A00088CFAD /* main.m */ = {isa = PBXFileReference; lastKnownFileType = sourcecode.c.objc; path = main.m; sourceTree = "<group>"; };
		7022D1F4211AD8DB0088CFAD /* Info.h */ = {isa = PBXFileReference; lastKnownFileType = sourcecode.c.h; path = Info.h; sourceTree = "<group>"; };
		7022D1F5211AD8DB0088CFAD /* Info.m */ = {isa = PBXFileReference; lastKnownFileType = sourcecode.c.objc; path = Info.m; sourceTree = "<group>"; };
		7022D1F7211AF87A0088CFAD /* ViewControllerAdd.h */ = {isa = PBXFileReference; lastKnownFileType = sourcecode.c.h; path = ViewControllerAdd.h; sourceTree = "<group>"; };
		7022D1F8211AF87A0088CFAD /* ViewControllerAdd.m */ = {isa = PBXFileReference; lastKnownFileType = sourcecode.c.objc; path = ViewControllerAdd.m; sourceTree = "<group>"; };
/* End PBXFileReference section */

/* Begin PBXFrameworksBuildPhase section */
		7022D1D8211AD79F0088CFAD /* Frameworks */ = {
			isa = PBXFrameworksBuildPhase;
			buildActionMask = 2147483647;
			files = (
			);
			runOnlyForDeploymentPostprocessing = 0;
		};
/* End PBXFrameworksBuildPhase section */

/* Begin PBXGroup section */
		7022D1D2211AD79F0088CFAD = {
			isa = PBXGroup;
			children = (
				7022D1DD211AD79F0088CFAD /* API */,
				7022D1DC211AD79F0088CFAD /* Products */,
			);
			sourceTree = "<group>";
		};
		7022D1DC211AD79F0088CFAD /* Products */ = {
			isa = PBXGroup;
			children = (
				7022D1DB211AD79F0088CFAD /* API.app */,
			);
			name = Products;
			sourceTree = "<group>";
		};
		7022D1DD211AD79F0088CFAD /* API */ = {
			isa = PBXGroup;
			children = (
				7022D1DE211AD79F0088CFAD /* AppDelegate.h */,
				7022D1DF211AD79F0088CFAD /* AppDelegate.m */,
				7022D1E1211AD79F0088CFAD /* ViewController.h */,
				7022D1E2211AD79F0088CFAD /* ViewController.m */,
				7022D1F4211AD8DB0088CFAD /* Info.h */,
				7022D1F5211AD8DB0088CFAD /* Info.m */,
				7022D1F7211AF87A0088CFAD /* ViewControllerAdd.h */,
				7022D1F8211AF87A0088CFAD /* ViewControllerAdd.m */,
				7022D1E4211AD79F0088CFAD /* Main.storyboard */,
				7022D1E7211AD7A00088CFAD /* Assets.xcassets */,
				7022D1E9211AD7A00088CFAD /* LaunchScreen.storyboard */,
				7022D1EC211AD7A00088CFAD /* Info.plist */,
				7022D1ED211AD7A00088CFAD /* main.m */,
			);
			path = API;
			sourceTree = "<group>";
		};
/* End PBXGroup section */

/* Begin PBXNativeTarget section */
		7022D1DA211AD79F0088CFAD /* API */ = {
			isa = PBXNativeTarget;
			buildConfigurationList = 7022D1F1211AD7A00088CFAD /* Build configuration list for PBXNativeTarget "API" */;
			buildPhases = (
				7022D1D7211AD79F0088CFAD /* Sources */,
				7022D1D8211AD79F0088CFAD /* Frameworks */,
				7022D1D9211AD79F0088CFAD /* Resources */,
			);
			buildRules = (
			);
			dependencies = (
			);
			name = API;
			productName = API;
			productReference = 7022D1DB211AD79F0088CFAD /* API.app */;
			productType = "com.apple.product-type.application";
		};
/* End PBXNativeTarget section */

/* Begin PBXProject section */
		7022D1D3211AD79F0088CFAD /* Project object */ = {
			isa = PBXProject;
			attributes = {
				LastUpgradeCheck = 0940;
				ORGANIZATIONNAME = TienDat;
				TargetAttributes = {
					7022D1DA211AD79F0088CFAD = {
						CreatedOnToolsVersion = 9.4.1;
					};
				};
			};
			buildConfigurationList = 7022D1D6211AD79F0088CFAD /* Build configuration list for PBXProject "API" */;
			compatibilityVersion = "Xcode 9.3";
			developmentRegion = en;
			hasScannedForEncodings = 0;
			knownRegions = (
				en,
				Base,
			);
			mainGroup = 7022D1D2211AD79F0088CFAD;
			productRefGroup = 7022D1DC211AD79F0088CFAD /* Products */;
			projectDirPath = "";
			projectRoot = "";
			targets = (
				7022D1DA211AD79F0088CFAD /* API */,
			);
		};
/* End PBXProject section */

/* Begin PBXResourcesBuildPhase section */
		7022D1D9211AD79F0088CFAD /* Resources */ = {
			isa = PBXResourcesBuildPhase;
			buildActionMask = 2147483647;
			files = (
				7022D1EB211AD7A00088CFAD /* LaunchScreen.storyboard in Resources */,
				7022D1E8211AD7A00088CFAD /* Assets.xcassets in Resources */,
				7022D1E6211AD79F0088CFAD /* Main.storyboard in Resources */,
			);
			runOnlyForDeploymentPostprocessing = 0;
		};
/* End PBXResourcesBuildPhase section */

/* Begin PBXSourcesBuildPhase section */
		7022D1D7211AD79F0088CFAD /* Sources */ = {
			isa = PBXSourcesBuildPhase;
			buildActionMask = 2147483647;
			files = (
				7022D1F9211AF87A0088CFAD /* ViewControllerAdd.m in Sources */,
				7022D1E3211AD79F0088CFAD /* ViewController.m in Sources */,
				7022D1F6211AD8DB0088CFAD /* Info.m in Sources */,
				7022D1EE211AD7A00088CFAD /* main.m in Sources */,
				7022D1E0211AD79F0088CFAD /* AppDelegate.m in Sources */,
			);
			runOnlyForDeploymentPostprocessing = 0;
		};
/* End PBXSourcesBuildPhase section */

/* Begin PBXVariantGroup section */
		7022D1E4211AD79F0088CFAD /* Main.storyboard */ = {
			isa = PBXVariantGroup;
			children = (
				7022D1E5211AD79F0088CFAD /* Base */,
			);
			name = Main.storyboard;
			sourceTree = "<group>";
		};
		7022D1E9211AD7A00088CFAD /* LaunchScreen.storyboard */ = {
			isa = PBXVariantGroup;
			children = (
				7022D1EA211AD7A00088CFAD /* Base */,
			);
			name = LaunchScreen.storyboard;
			sourceTree = "<group>";
		};
/* End PBXVariantGroup section */

/* Begin XCBuildConfiguration section */
		7022D1EF211AD7A00088CFAD /* Debug */ = {
			isa = XCBuildConfiguration;
			buildSettings = {
				ALWAYS_SEARCH_USER_PATHS = NO;
				CLANG_ANALYZER_NONNULL = YES;
				CLANG_ANALYZER_NUMBER_OBJECT_CONVERSION = YES_AGGRESSIVE;
				CLANG_CXX_LANGUAGE_STANDARD = "gnu++14";
				CLANG_CXX_LIBRARY = "libc++";
				CLANG_ENABLE_MODULES = YES;
				CLANG_ENABLE_OBJC_ARC = YES;
				CLANG_ENABLE_OBJC_WEAK = YES;
				CLANG_WARN_BLOCK_CAPTURE_AUTORELEASING = YES;
				CLANG_WARN_BOOL_CONVERSION = YES;
				CLANG_WARN_COMMA = YES;
				CLANG_WARN_CONSTANT_CONVERSION = YES;
				CLANG_WARN_DEPRECATED_OBJC_IMPLEMENTATIONS = YES;
				CLANG_WARN_DIRECT_OBJC_ISA_USAGE = YES_ERROR;
				CLANG_WARN_DOCUMENTATION_COMMENTS = YES;
				CLANG_WARN_EMPTY_BODY = YES;
				CLANG_WARN_ENUM_CONVERSION = YES;
				CLANG_WARN_INFINITE_RECURSION = YES;
				CLANG_WARN_INT_CONVERSION = YES;
				CLANG_WARN_NON_LITERAL_NULL_CONVERSION = YES;
				CLANG_WARN_OBJC_IMPLICIT_RETAIN_SELF = YES;
				CLANG_WARN_OBJC_LITERAL_CONVERSION = YES;
				CLANG_WARN_OBJC_ROOT_CLASS = YES_ERROR;
				CLANG_WARN_RANGE_LOOP_ANALYSIS = YES;
				CLANG_WARN_STRICT_PROTOTYPES = YES;
				CLANG_WARN_SUSPICIOUS_MOVE = YES;
				CLANG_WARN_UNGUARDED_AVAILABILITY = YES_AGGRESSIVE;
				CLANG_WARN_UNREACHABLE_CODE = YES;
				CLANG_WARN__DUPLICATE_METHOD_MATCH = YES;
				CODE_SIGN_IDENTITY = "iPhone Developer";
				COPY_PHASE_STRIP = NO;
				DEBUG_INFORMATION_FORMAT = dwarf;
				ENABLE_STRICT_OBJC_MSGSEND = YES;
				ENABLE_TESTABILITY = YES;
				GCC_C_LANGUAGE_STANDARD = gnu11;
				GCC_DYNAMIC_NO_PIC = NO;
				GCC_NO_COMMON_BLOCKS = YES;
				GCC_OPTIMIZATION_LEVEL = 0;
				GCC_PREPROCESSOR_DEFINITIONS = (
					"DEBUG=1",
					"$(inherited)",
				);
				GCC_WARN_64_TO_32_BIT_CONVERSION = YES;
				GCC_WARN_ABOUT_RETURN_TYPE = YES_ERROR;
				GCC_WARN_UNDECLARED_SELECTOR = YES;
				GCC_WARN_UNINITIALIZED_AUTOS = YES_AGGRESSIVE;
				GCC_WARN_UNUSED_FUNCTION = YES;
				GCC_WARN_UNUSED_VARIABLE = YES;
				IPHONEOS_DEPLOYMENT_TARGET = 11.4;
				MTL_ENABLE_DEBUG_INFO = YES;
				ONLY_ACTIVE_ARCH = YES;
				SDKROOT = iphoneos;
			};
			name = Debug;
		};
		7022D1F0211AD7A00088CFAD /* Release */ = {
			isa = XCBuildConfiguration;
			buildSettings = {
				ALWAYS_SEARCH_USER_PATHS = NO;
				CLANG_ANALYZER_NONNULL = YES;
				CLANG_ANALYZER_NUMBER_OBJECT_CONVERSION = YES_AGGRESSIVE;
				CLANG_CXX_LANGUAGE_STANDARD = "gnu++14";
				CLANG_CXX_LIBRARY = "libc++";
				CLANG_ENABLE_MODULES = YES;
				CLANG_ENABLE_OBJC_ARC = YES;
				CLANG_ENABLE_OBJC_WEAK = YES;
				CLANG_WARN_BLOCK_CAPTURE_AUTORELEASING = YES;
				CLANG_WARN_BOOL_CONVERSION = YES;
				CLANG_WARN_COMMA = YES;
				CLANG_WARN_CONSTANT_CONVERSION = YES;
				CLANG_WARN_DEPRECATED_OBJC_IMPLEMENTATIONS = YES;
				CLANG_WARN_DIRECT_OBJC_ISA_USAGE = YES_ERROR;
				CLANG_WARN_DOCUMENTATION_COMMENTS = YES;
				CLANG_WARN_EMPTY_BODY = YES;
				CLANG_WARN_ENUM_CONVERSION = YES;
				CLANG_WARN_INFINITE_RECURSION = YES;
				CLANG_WARN_INT_CONVERSION = YES;
				CLANG_WARN_NON_LITERAL_NULL_CONVERSION = YES;
				CLANG_WARN_OBJC_IMPLICIT_RETAIN_SELF = YES;
				CLANG_WARN_OBJC_LITERAL_CONVERSION = YES;
				CLANG_WARN_OBJC_ROOT_CLASS = YES_ERROR;
				CLANG_WARN_RANGE_LOOP_ANALYSIS = YES;
				CLANG_WARN_STRICT_PROTOTYPES = YES;
				CLANG_WARN_SUSPICIOUS_MOVE = YES;
				CLANG_WARN_UNGUARDED_AVAILABILITY = YES_AGGRESSIVE;
				CLANG_WARN_UNREACHABLE_CODE = YES;
				CLANG_WARN__DUPLICATE_METHOD_MATCH = YES;
				CODE_SIGN_IDENTITY = "iPhone Developer";
				COPY_PHASE_STRIP = NO;
				DEBUG_INFORMATION_FORMAT = "dwarf-with-dsym";
				ENABLE_NS_ASSERTIONS = NO;
				ENABLE_STRICT_OBJC_MSGSEND = YES;
				GCC_C_LANGUAGE_STANDARD = gnu11;
				GCC_NO_COMMON_BLOCKS = YES;
				GCC_WARN_64_TO_32_BIT_CONVERSION = YES;
				GCC_WARN_ABOUT_RETURN_TYPE = YES_ERROR;
				GCC_WARN_UNDECLARED_SELECTOR = YES;
				GCC_WARN_UNINITIALIZED_AUTOS = YES_AGGRESSIVE;
				GCC_WARN_UNUSED_FUNCTION = YES;
				GCC_WARN_UNUSED_VARIABLE = YES;
				IPHONEOS_DEPLOYMENT_TARGET = 11.4;
				MTL_ENABLE_DEBUG_INFO = NO;
				SDKROOT = iphoneos;
				VALIDATE_PRODUCT = YES;
			};
			name = Release;
		};
		7022D1F2211AD7A00088CFAD /* Debug */ = {
			isa = XCBuildConfiguration;
			buildSettings = {
				ASSETCATALOG_COMPILER_APPICON_NAME = AppIcon;
				CODE_SIGN_STYLE = Automatic;
				INFOPLIST_FILE = API/Info.plist;
				LD_RUNPATH_SEARCH_PATHS = (
					"$(inherited)",
					"@executable_path/Frameworks",
				);
				PRODUCT_BUNDLE_IDENTIFIER = com.API;
				PRODUCT_NAME = "$(TARGET_NAME)";
				TARGETED_DEVICE_FAMILY = "1,2";
			};
			name = Debug;
		};
		7022D1F3211AD7A00088CFAD /* Release */ = {
			isa = XCBuildConfiguration;
			buildSettings = {
				ASSETCATALOG_COMPILER_APPICON_NAME = AppIcon;
				CODE_SIGN_STYLE = Automatic;
				INFOPLIST_FILE = API/Info.plist;
				LD_RUNPATH_SEARCH_PATHS = (
					"$(inherited)",
					"@executable_path/Frameworks",
				);
				PRODUCT_BUNDLE_IDENTIFIER = com.API;
				PRODUCT_NAME = "$(TARGET_NAME)";
				TARGETED_DEVICE_FAMILY = "1,2";
			};
			name = Release;
		};
/* End XCBuildConfiguration section */

/* Begin XCConfigurationList section */
		7022D1D6211AD79F0088CFAD /* Build configuration list for PBXProject "API" */ = {
			isa = XCConfigurationList;
			buildConfigurations = (
				7022D1EF211AD7A00088CFAD /* Debug */,
				7022D1F0211AD7A00088CFAD /* Release */,
			);
			defaultConfigurationIsVisible = 0;
			defaultConfigurationName = Release;
		};
		7022D1F1211AD7A00088CFAD /* Build configuration list for PBXNativeTarget "API" */ = {
			isa = XCConfigurationList;
			buildConfigurations = (
				7022D1F2211AD7A00088CFAD /* Debug */,
				7022D1F3211AD7A00088CFAD /* Release */,
			);
			defaultConfigurationIsVisible = 0;
			defaultConfigurationName = Release;
		};
/* End XCConfigurationList section */
	};
	rootObject = 7022D1D3211AD79F0088CFAD /* Project object */;
}
